{
  "name": "imooc-test",
  "version": "1.0.0",
  "lockfileVersion": 1,
  "requires": true,
  "dependencies": {
    "imooc-cli-lib": {
      "version": "1.0.0",
      "resolved": "https://registry.npmmirror.com/imooc-cli-lib/-/imooc-cli-lib-1.0.0.tgz",
      "integrity": "sha512-O8PN+pSTyP0H7sHPJcnHjEJcv+idLLVwlO1PFNLIS5JpgSJJGt2GdZSOeUjGfXX4P2p+rTybTzNz+ss0jAm3xw=="
    }
  }
}
